
Microsoft Visual Studio Solution File, Format Version 10.00
# Visual Studio 2008
Project("{FAE04EC0-301F-11D3-BF4B-00C04F79EFBC}") = "ai_proj_cs", "ai_proj_cs\ai_proj_cs.csproj", "{8537B64C-67CD-4383-A6E0-63C073C33F65}"
EndProject
Global
	GlobalSection(SolutionConfigurationPlatforms) = preSolution
		Debug|Any CPU = Debug|Any CPU
		Release|Any CPU = Release|Any CPU
	EndGlobalSection
	GlobalSection(ProjectConfigurationPlatforms) = postSolution
		{8537B64C-67CD-4383-A6E0-63C073C33F65}.Debug|Any CPU.ActiveCfg = Debug|Any CPU
		{8537B64C-67CD-4383-A6E0-63C073C33F65}.Debug|Any CPU.Build.0 = Debug|Any CPU
		{8537B64C-67CD-4383-A6E0-63C073C33F65}.Release|Any CPU.ActiveCfg = Release|Any CPU
		{8537B64C-67CD-4383-A6E0-63C073C33F65}.Release|Any CPU.Build.0 = Release|Any CPU
	EndGlobalSection
	GlobalSection(SolutionProperties) = preSolution
		HideSolutionNode = FALSE
	EndGlobalSection
EndGlobal
